# This file is automatically @generated by Cargo.
# It is not intended for manual editing.
[[package]]
name = "lalgebra_scalar"
version = "0.1.0"

[[package]]
name = "matrix"
version = "0.1.0"
dependencies = [
 "lalgebra_scalar",
]

[[package]]
name = "matrix_test"
version = "0.1.0"
dependencies = [
 "matrix",
]
